{
  "version": 1,
  "dependencies": {
    "net9.0": {
      "CUE4Parse": {
        "type": "Direct",
        "requested": "[1.2.2, 1.2.2]",
        "resolved": "1.2.2",
        "contentHash": "bZTy9MAzC3rlITah5n7S7K/fRp6hgJQ8DaRmTdUv8wiW9Ky3FZHxHqdkaPdA9TfsuG38HP2P43lV7gOir+zWUQ==",
        "dependencies": {
          "Blake3": "2.0.0",
          "BouncyCastle.Cryptography": "2.5.0",
          "Infrablack.UE4Config": "0.7.2.97",
          "K4os.Compression.LZ4.Streams": "1.3.8",
          "LZMA-SDK": "22.1.1",
          "Newtonsoft.Json": "13.0.3",
          "OffiUtils": "2.0.1",
          "Oodle.NET": "2.1.0",
          "Serilog": "4.2.0",
          "Serilog.Sinks.Console": "6.0.0",
          "Zlib-ng.NET": "1.1.1",
          "ZstdSharp.Port": "0.8.4"
        }
      },
      "CUE4Parse-Conversion": {
        "type": "Direct",
        "requested": "[1.2.1, 1.2.1]",
        "resolved": "1.2.1",
        "contentHash": "zPowB4dgOuHu+Tt4MGdLCtcT+QuqOT5/mRN4weg5dy7ZadLX5S2uq6h9DNmXX6ooLptzsuB+pvrUAA6dW0Mc4Q==",
        "dependencies": {
          "AssetRipper.TextureDecoder": "2.2.1",
          "CUE4Parse": "1.2.2",
          "SharpGLTF.Core": "1.0.0-alpha0023",
          "SharpGLTF.Toolkit": "1.0.0-alpha0023",
          "SkiaSharp": "2.88.9"
        }
      },
      "Microsoft.Bcl.Memory": {
        "type": "Direct",
        "requested": "[9.0.19, 9.0.19]",
        "resolved": "9.0.19",
        "contentHash": "kOvputXd10iywJoyeS6ndlFl52TSXpn5RfMmZlELvu6ALDRGICwcHY6UTYbOv5ycQencWJEFEyWG3zAEXgOa+A=="
      },
      "SkiaSharp.NativeAssets.Linux.NoDependencies": {
        "type": "Direct",
        "requested": "[2.88.9, 2.88.9]",
        "resolved": "2.88.9",
        "contentHash": "ZA9syMvIuoqxPhyFTgde/bNV6VMdeYT9gRdNQT5O+ZjPK+a/nVkKRrqBbn7EVA7XQiW+xIycyT4gW/sea9eh+w==",
        "dependencies": {
          "SkiaSharp": "2.88.9"
        }
      },
      "UAssetAPI": {
        "type": "Direct",
        "requested": "[1.1.0, 1.1.0]",
        "resolved": "1.1.0",
        "contentHash": "J71ZHs9VdLDhLP9Tqa6drMqF2/UgEMZm4ahfGeCiPBxOf5MzY7/s4ZWT3VdTrLy+daTnf1jMnMTVzjauHsyy0A==",
        "dependencies": {
          "Newtonsoft.Json": "13.0.3",
          "ZstdSharp.Port": "0.8.1"
        }
      },
      "AssetRipper.TextureDecoder": {
        "type": "Transitive",
        "resolved": "2.2.1",
        "contentHash": "5e+tPVl4vDqCQbqz7cI9lTJBWDnfFf2LNg5Hm+kuZp9qZpWNWMZ5ewbdRb17ZEpd5xA4KAAjywdc33djVfBz3w=="
      },
      "Blake3": {
        "type": "Transitive",
        "resolved": "2.0.0",
        "contentHash": "v447kojeuNYSY5dvtVGG2bv1+M3vOWJXcrYWwXho/2uUpuwK6qPeu5WSMlqLm4VRJu96kysVO11La0zN3dLAuQ=="
      },
      "BouncyCastle.Cryptography": {
        "type": "Transitive",
        "resolved": "2.5.0",
        "contentHash": "rc7vRCq/KD3GtIwSgRtjanGaBwTb9nLenFDZnEcauWlssuuEoxcbMfWA3QWWho6QDMSOSkWjs657McdHzEtEcw=="
      },
      "CommunityToolkit.HighPerformance": {
        "type": "Transitive",
        "resolved": "8.3.2",
        "contentHash": "1Os81ua0FmIOtiSgOk5C1KBraQ3SDfxs/7BG4qDagm48nGplr//lAVqLH9I2TLDVqRFdhqTUaEITFA5Ho/Ovkw=="
      },
      "Infrablack.UE4Config": {
        "type": "Transitive",
        "resolved": "0.7.2.97",
        "contentHash": "ZjCEAqkSSr2Z8Rp82wo6ME98WJ0P2DyKrr+11X2KqZ/q/rzloyv6rJ+m45J2qWY1Piu2E9XcJ2gvRHQCapuTQQ=="
      },
      "K4os.Compression.LZ4": {
        "type": "Transitive",
        "resolved": "1.3.8",
        "contentHash": "LhwlPa7c1zs1OV2XadMtAWdImjLIsqFJPoRcIWAadSRn0Ri1DepK65UbWLPmt4riLqx2d40xjXRk0ogpqNtK7g=="
      },
      "K4os.Compression.LZ4.Streams": {
        "type": "Transitive",
        "resolved": "1.3.8",
        "contentHash": "P15qr8dZAeo9GvYbUIPEYFQ0MEJ0i5iqr37wsYeRC3la2uCldOoeCa6to0CZ1taiwxIV+Mk8NGuZi+4iWivK9w==",
        "dependencies": {
          "K4os.Compression.LZ4": "1.3.8",
          "K4os.Hash.xxHash": "1.0.8",
          "System.IO.Pipelines": "6.0.3"
        }
      },
      "K4os.Hash.xxHash": {
        "type": "Transitive",
        "resolved": "1.0.8",
        "contentHash": "Wp2F7BamQ2Q/7Hk834nV9vRQapgcr8kgv9Jvfm8J3D0IhDqZMMl+a2yxUq5ltJitvXvQfB8W6K4F4fCbw/P6YQ=="
      },
      "LZMA-SDK": {
        "type": "Transitive",
        "resolved": "22.1.1",
        "contentHash": "lxG8/H53OCqebnDFlTStwzbgtmUN/DqnXN8kffa/ctHcSEHhIPDyEa3jLzpZxVX5F8bmJgvb1mna6gnhetykIw=="
      },
      "Newtonsoft.Json": {
        "type": "Transitive",
        "resolved": "13.0.3",
        "contentHash": "HrC5BXdl00IP9zeV+0Z848QWPAoCr9P3bDEZguI+gkLcBKAOxix/tLEAAHC+UvDNPv4a2d18lOReHMOagPa+zQ=="
      },
      "OffiUtils": {
        "type": "Transitive",
        "resolved": "2.0.1",
        "contentHash": "tu2rqpbba2Qss5tWqKK5pYgfKKLCUawGTuZ/XrqVx5bUAlgDH4hUvd8DzShQ/RGHul3x/hwGTD6khzSR8yzgxw==",
        "dependencies": {
          "CommunityToolkit.HighPerformance": "8.3.2"
        }
      },
      "Oodle.NET": {
        "type": "Transitive",
        "resolved": "2.1.0",
        "contentHash": "kQGCpQeM3eUvm4lOdzEfd2C1aUO1dmJJj0YTjMdJGoeqVNTayk8hSLt2cW73yRXBgCI8AMF/mubMJFOTZ9myHA=="
      },
      "Serilog": {
        "type": "Transitive",
        "resolved": "4.2.0",
        "contentHash": "gmoWVOvKgbME8TYR+gwMf7osROiWAURterc6Rt2dQyX7wtjZYpqFiA/pY6ztjGQKKV62GGCyOcmtP1UKMHgSmA=="
      },
      "Serilog.Sinks.Console": {
        "type": "Transitive",
        "resolved": "6.0.0",
        "contentHash": "fQGWqVMClCP2yEyTXPIinSr5c+CBGUvBybPxjAGcf7ctDhadFhrQw03Mv8rJ07/wR5PDfFjewf2LimvXCDzpbA==",
        "dependencies": {
          "Serilog": "4.0.0"
        }
      },
      "SharpGLTF.Core": {
        "type": "Transitive",
        "resolved": "1.0.0-alpha0023",
        "contentHash": "MmFWb+8a187XKC4oEhZrAvpqB8Cs2Ma6cK87HNn8P91aIETSRVBTVHXcECE4BFk0gueAoooiBCyCdSdUm9fnrA=="
      },
      "SharpGLTF.Toolkit": {
        "type": "Transitive",
        "resolved": "1.0.0-alpha0023",
        "contentHash": "9umelLunAhr+Jj66GDDFrJlO5MQ0pZXRSZk3SfAeZD/iKu/qz7Nlpnh+e8IKqJI8DyU8jHCI9v6HFjazZiBfsQ==",
        "dependencies": {
          "SharpGLTF.Core": "1.0.0-alpha0023"
        }
      },
      "SkiaSharp": {
        "type": "Transitive",
        "resolved": "2.88.9",
        "contentHash": "3MD5VHjXXieSHCleRLuaTXmL2pD0mB7CcOB1x2kA1I4bhptf4e3R27iM93264ZYuAq6mkUyX5XbcxnZvMJYc1Q==",
        "dependencies": {
          "SkiaSharp.NativeAssets.Win32": "2.88.9",
          "SkiaSharp.NativeAssets.macOS": "2.88.9"
        }
      },
      "SkiaSharp.NativeAssets.macOS": {
        "type": "Transitive",
        "resolved": "2.88.9",
        "contentHash": "Nv5spmKc4505Ep7oUoJ5vp3KweFpeNqxpyGDWyeEPTX2uR6S6syXIm3gj75dM0YJz7NPvcix48mR5laqs8dPuA=="
      },
      "SkiaSharp.NativeAssets.Win32": {
        "type": "Transitive",
        "resolved": "2.88.9",
        "contentHash": "wb2kYgU7iy84nQLYZwMeJXixvK++GoIuECjU4ECaUKNuflyRlJKyiRhN1MAHswvlvzuvkrjRWlK0Za6+kYQK7w=="
      },
      "System.IO.Pipelines": {
        "type": "Transitive",
        "resolved": "6.0.3",
        "contentHash": "ryTgF+iFkpGZY1vRQhfCzX0xTdlV3pyaTTqRu2ETbEv+HlV7O6y7hyQURnghNIXvctl5DuZ//Dpks6HdL/Txgw=="
      },
      "Zlib-ng.NET": {
        "type": "Transitive",
        "resolved": "1.1.1",
        "contentHash": "VuO3aiVg0ow/BdCPJHkObfdQ+IX+veaXY2IbDOxt+QSsly5M/ieY8arpvosffoKbVyYwgLz8boXu1UaH52YPYQ=="
      },
      "ZstdSharp.Port": {
        "type": "Transitive",
        "resolved": "0.8.4",
        "contentHash": "eieSXq3kakCUXbgdxkKaRqWS6hF0KBJcqok9LlDCs60GOyrynLvPOcQ0pRw7shdPF7lh/VepJ9cP9n9HHc759g=="
      }
    }
  }
}